
Microsoft Visual Studio Solution File, Format Version 12.00
# Visual Studio Version 16
VisualStudioVersion = 16.0.33328.57
MinimumVisualStudioVersion = 10.0.40219.1
Project("{8BC9CEB8-8B4A-11D0-8D11-00A0C91BC942}") = "vector", "vector\vector.vcxproj", "{68949727-87BE-43E4-AB37-D50D1CD55F05}"
EndProject
Global
	GlobalSection(SolutionConfigurationPlatforms) = preSolution
		Debug|x64 = Debug|x64
		Debug|x86 = Debug|x86
		Release|x64 = Release|x64
		Release|x86 = Release|x86
	EndGlobalSection
	GlobalSection(ProjectConfigurationPlatforms) = postSolution
		{68949727-87BE-43E4-AB37-D50D1CD55F05}.Debug|x64.ActiveCfg = Debug|x64
		{68949727-87BE-43E4-AB37-D50D1CD55F05}.Debug|x64.Build.0 = Debug|x64
		{68949727-87BE-43E4-AB37-D50D1CD55F05}.Debug|x86.ActiveCfg = Debug|Win32
		{68949727-87BE-43E4-AB37-D50D1CD55F05}.Debug|x86.Build.0 = Debug|Win32
		{68949727-87BE-43E4-AB37-D50D1CD55F05}.Release|x64.ActiveCfg = Release|x64
		{68949727-87BE-43E4-AB37-D50D1CD55F05}.Release|x64.Build.0 = Release|x64
		{68949727-87BE-43E4-AB37-D50D1CD55F05}.Release|x86.ActiveCfg = Release|Win32
		{68949727-87BE-43E4-AB37-D50D1CD55F05}.Release|x86.Build.0 = Release|Win32
	EndGlobalSection
	GlobalSection(SolutionProperties) = preSolution
		HideSolutionNode = FALSE
	EndGlobalSection
	GlobalSection(ExtensibilityGlobals) = postSolution
		SolutionGuid = {9576F624-D0B5-484C-BCAB-5DAEA71F0FB3}
	EndGlobalSection
EndGlobal
