
Microsoft Visual Studio Solution File, Format Version 12.00
# Visual Studio Version 16
VisualStudioVersion = 16.0.33328.57
MinimumVisualStudioVersion = 10.0.40219.1
Project("{8BC9CEB8-8B4A-11D0-8D11-00A0C91BC942}") = "iterator", "iterator\iterator.vcxproj", "{DA29487D-253B-4002-87AF-D1F61AEC06EA}"
EndProject
Project("{8BC9CEB8-8B4A-11D0-8D11-00A0C91BC942}") = "map", "map\map.vcxproj", "{4AB8DECA-BC04-4BBA-A800-D9EA75E0E03C}"
EndProject
Global
	GlobalSection(SolutionConfigurationPlatforms) = preSolution
		Debug|x64 = Debug|x64
		Debug|x86 = Debug|x86
		Release|x64 = Release|x64
		Release|x86 = Release|x86
	EndGlobalSection
	GlobalSection(ProjectConfigurationPlatforms) = postSolution
		{DA29487D-253B-4002-87AF-D1F61AEC06EA}.Debug|x64.ActiveCfg = Debug|x64
		{DA29487D-253B-4002-87AF-D1F61AEC06EA}.Debug|x64.Build.0 = Debug|x64
		{DA29487D-253B-4002-87AF-D1F61AEC06EA}.Debug|x86.ActiveCfg = Debug|Win32
		{DA29487D-253B-4002-87AF-D1F61AEC06EA}.Debug|x86.Build.0 = Debug|Win32
		{DA29487D-253B-4002-87AF-D1F61AEC06EA}.Release|x64.ActiveCfg = Release|x64
		{DA29487D-253B-4002-87AF-D1F61AEC06EA}.Release|x64.Build.0 = Release|x64
		{DA29487D-253B-4002-87AF-D1F61AEC06EA}.Release|x86.ActiveCfg = Release|Win32
		{DA29487D-253B-4002-87AF-D1F61AEC06EA}.Release|x86.Build.0 = Release|Win32
		{4AB8DECA-BC04-4BBA-A800-D9EA75E0E03C}.Debug|x64.ActiveCfg = Debug|x64
		{4AB8DECA-BC04-4BBA-A800-D9EA75E0E03C}.Debug|x64.Build.0 = Debug|x64
		{4AB8DECA-BC04-4BBA-A800-D9EA75E0E03C}.Debug|x86.ActiveCfg = Debug|Win32
		{4AB8DECA-BC04-4BBA-A800-D9EA75E0E03C}.Debug|x86.Build.0 = Debug|Win32
		{4AB8DECA-BC04-4BBA-A800-D9EA75E0E03C}.Release|x64.ActiveCfg = Release|x64
		{4AB8DECA-BC04-4BBA-A800-D9EA75E0E03C}.Release|x64.Build.0 = Release|x64
		{4AB8DECA-BC04-4BBA-A800-D9EA75E0E03C}.Release|x86.ActiveCfg = Release|Win32
		{4AB8DECA-BC04-4BBA-A800-D9EA75E0E03C}.Release|x86.Build.0 = Release|Win32
	EndGlobalSection
	GlobalSection(SolutionProperties) = preSolution
		HideSolutionNode = FALSE
	EndGlobalSection
	GlobalSection(ExtensibilityGlobals) = postSolution
		SolutionGuid = {7F7738F4-4865-44A9-8606-FED56480692F}
	EndGlobalSection
EndGlobal
